// !$*UTF8*$!
{
	archiveVersion = 1;
	classes = {
	};
	objectVersion = 56;
	objects = {

/* Begin PBXBuildFile section */
		7064C53F2B704E6400639B0A /* Project_2App.swift in Sources */ = {isa = PBXBuildFile; fileRef = 7064C53E2B704E6400639B0A /* Project_2App.swift */; };
		7064C5412B704E6400639B0A /* ContentView.swift in Sources */ = {isa = PBXBuildFile; fileRef = 7064C5402B704E6400639B0A /* ContentView.swift */; };
		7064C5432B704E6600639B0A /* Assets.xcassets in Resources */ = {isa = PBXBuildFile; fileRef = 7064C5422B704E6600639B0A /* Assets.xcassets */; };
		7064C5462B704E6600639B0A /* Preview Assets.xcassets in Resources */ = {isa = PBXBuildFile; fileRef = 7064C5452B704E6600639B0A /* Preview Assets.xcassets */; };
		7064C54E2B70602300639B0A /* Movie.swift in Sources */ = {isa = PBXBuildFile; fileRef = 7064C54D2B70602300639B0A /* Movie.swift */; };
		7064C5522B70751100639B0A /* Nuke in Frameworks */ = {isa = PBXBuildFile; productRef = 7064C5512B70751100639B0A /* Nuke */; };
		7064C5542B70751100639B0A /* NukeExtensions in Frameworks */ = {isa = PBXBuildFile; productRef = 7064C5532B70751100639B0A /* NukeExtensions */; };
		7064C5562B70751100639B0A /* NukeUI in Frameworks */ = {isa = PBXBuildFile; productRef = 7064C5552B70751100639B0A /* NukeUI */; };
		7064C5592B70769900639B0A /* URLImage in Frameworks */ = {isa = PBXBuildFile; productRef = 7064C5582B70769900639B0A /* URLImage */; };
		7064C55B2B70771200639B0A /* urlImage.swift in Sources */ = {isa = PBXBuildFile; fileRef = 7064C55A2B70771200639B0A /* urlImage.swift */; };
/* End PBXBuildFile section */

/* Begin PBXFileReference section */
		7064C53B2B704E6400639B0A /* Project 2.app */ = {isa = PBXFileReference; explicitFileType = wrapper.application; includeInIndex = 0; path = "Project 2.app"; sourceTree = BUILT_PRODUCTS_DIR; };
		7064C53E2B704E6400639B0A /* Project_2App.swift */ = {isa = PBXFileReference; lastKnownFileType = sourcecode.swift; path = Project_2App.swift; sourceTree = "<group>"; };
		7064C5402B704E6400639B0A /* ContentView.swift */ = {isa = PBXFileReference; lastKnownFileType = sourcecode.swift; path = ContentView.swift; sourceTree = "<group>"; };
		7064C5422B704E6600639B0A /* Assets.xcassets */ = {isa = PBXFileReference; lastKnownFileType = folder.assetcatalog; path = Assets.xcassets; sourceTree = "<group>"; };
		7064C5452B704E6600639B0A /* Preview Assets.xcassets */ = {isa = PBXFileReference; lastKnownFileType = folder.assetcatalog; path = "Preview Assets.xcassets"; sourceTree = "<group>"; };
		7064C54D2B70602300639B0A /* Movie.swift */ = {isa = PBXFileReference; lastKnownFileType = sourcecode.swift; path = Movie.swift; sourceTree = "<group>"; };
		7064C54F2B706B7D00639B0A /* Project-2-Info.plist */ = {isa = PBXFileReference; lastKnownFileType = text.plist; path = "Project-2-Info.plist"; sourceTree = SOURCE_ROOT; };
		7064C55A2B70771200639B0A /* urlImage.swift */ = {isa = PBXFileReference; lastKnownFileType = sourcecode.swift; path = urlImage.swift; sourceTree = "<group>"; };
/* End PBXFileReference section */

/* Begin PBXFrameworksBuildPhase section */
		7064C5382B704E6400639B0A /* Frameworks */ = {
			isa = PBXFrameworksBuildPhase;
			buildActionMask = 2147483647;
			files = (
				7064C5562B70751100639B0A /* NukeUI in Frameworks */,
				7064C5522B70751100639B0A /* Nuke in Frameworks */,
				7064C5592B70769900639B0A /* URLImage in Frameworks */,
				7064C5542B70751100639B0A /* NukeExtensions in Frameworks */,
			);
			runOnlyForDeploymentPostprocessing = 0;
		};
/* End PBXFrameworksBuildPhase section */

/* Begin PBXGroup section */
		7064C5322B704E6400639B0A = {
			isa = PBXGroup;
			children = (
				7064C53D2B704E6400639B0A /* Project 2 */,
				7064C53C2B704E6400639B0A /* Products */,
			);
			sourceTree = "<group>";
		};
		7064C53C2B704E6400639B0A /* Products */ = {
			isa = PBXGroup;
			children = (
				7064C53B2B704E6400639B0A /* Project 2.app */,
			);
			name = Products;
			sourceTree = "<group>";
		};
		7064C53D2B704E6400639B0A /* Project 2 */ = {
			isa = PBXGroup;
			children = (
				7064C54F2B706B7D00639B0A /* Project-2-Info.plist */,
				7064C53E2B704E6400639B0A /* Project_2App.swift */,
				7064C5402B704E6400639B0A /* ContentView.swift */,
				7064C5422B704E6600639B0A /* Assets.xcassets */,
				7064C5442B704E6600639B0A /* Preview Content */,
				7064C54D2B70602300639B0A /* Movie.swift */,
				7064C55A2B70771200639B0A /* urlImage.swift */,
			);
			path = "Project 2";
			sourceTree = "<group>";
		};
		7064C5442B704E6600639B0A /* Preview Content */ = {
			isa = PBXGroup;
			children = (
				7064C5452B704E6600639B0A /* Preview Assets.xcassets */,
			);
			path = "Preview Content";
			sourceTree = "<group>";
		};
/* End PBXGroup section */

/* Begin PBXNativeTarget section */
		7064C53A2B704E6400639B0A /* Project 2 */ = {
			isa = PBXNativeTarget;
			buildConfigurationList = 7064C5492B704E6600639B0A /* Build configuration list for PBXNativeTarget "Project 2" */;
			buildPhases = (
				7064C5372B704E6400639B0A /* Sources */,
				7064C5382B704E6400639B0A /* Frameworks */,
				7064C5392B704E6400639B0A /* Resources */,
			);
			buildRules = (
			);
			dependencies = (
			);
			name = "Project 2";
			packageProductDependencies = (
				7064C5512B70751100639B0A /* Nuke */,
				7064C5532B70751100639B0A /* NukeExtensions */,
				7064C5552B70751100639B0A /* NukeUI */,
				7064C5582B70769900639B0A /* URLImage */,
			);
			productName = "Project 2";
			productReference = 7064C53B2B704E6400639B0A /* Project 2.app */;
			productType = "com.apple.product-type.application";
		};
/* End PBXNativeTarget section */

/* Begin PBXProject section */
		7064C5332B704E6400639B0A /* Project object */ = {
			isa = PBXProject;
			attributes = {
				BuildIndependentTargetsInParallel = 1;
				LastSwiftUpdateCheck = 1430;
				LastUpgradeCheck = 1430;
				TargetAttributes = {
					7064C53A2B704E6400639B0A = {
						CreatedOnToolsVersion = 14.3.1;
					};
				};
			};
			buildConfigurationList = 7064C5362B704E6400639B0A /* Build configuration list for PBXProject "Project 2" */;
			compatibilityVersion = "Xcode 14.0";
			developmentRegion = en;
			hasScannedForEncodings = 0;
			knownRegions = (
				en,
				Base,
			);
			mainGroup = 7064C5322B704E6400639B0A;
			packageReferences = (
				7064C5502B70751100639B0A /* XCRemoteSwiftPackageReference "Nuke" */,
				7064C5572B70769900639B0A /* XCRemoteSwiftPackageReference "url-image" */,
			);
			productRefGroup = 7064C53C2B704E6400639B0A /* Products */;
			projectDirPath = "";
			projectRoot = "";
			targets = (
				7064C53A2B704E6400639B0A /* Project 2 */,
			);
		};
/* End PBXProject section */

/* Begin PBXResourcesBuildPhase section */
		7064C5392B704E6400639B0A /* Resources */ = {
			isa = PBXResourcesBuildPhase;
			buildActionMask = 2147483647;
			files = (
				7064C5462B704E6600639B0A /* Preview Assets.xcassets in Resources */,
				7064C5432B704E6600639B0A /* Assets.xcassets in Resources */,
			);
			runOnlyForDeploymentPostprocessing = 0;
		};
/* End PBXResourcesBuildPhase section */

/* Begin PBXSourcesBuildPhase section */
		7064C5372B704E6400639B0A /* Sources */ = {
			isa = PBXSourcesBuildPhase;
			buildActionMask = 2147483647;
			files = (
				7064C5412B704E6400639B0A /* ContentView.swift in Sources */,
				7064C53F2B704E6400639B0A /* Project_2App.swift in Sources */,
				7064C54E2B70602300639B0A /* Movie.swift in Sources */,
				7064C55B2B70771200639B0A /* urlImage.swift in Sources */,
			);
			runOnlyForDeploymentPostprocessing = 0;
		};
/* End PBXSourcesBuildPhase section */

/* Begin XCBuildConfiguration section */
		7064C5472B704E6600639B0A /* Debug */ = {
			isa = XCBuildConfiguration;
			buildSettings = {
				ALWAYS_SEARCH_USER_PATHS = NO;
				CLANG_ANALYZER_NONNULL = YES;
				CLANG_ANALYZER_NUMBER_OBJECT_CONVERSION = YES_AGGRESSIVE;
				CLANG_CXX_LANGUAGE_STANDARD = "gnu++20";
				CLANG_ENABLE_MODULES = YES;
				CLANG_ENABLE_OBJC_ARC = YES;
				CLANG_ENABLE_OBJC_WEAK = YES;
				CLANG_WARN_BLOCK_CAPTURE_AUTORELEASING = YES;
				CLANG_WARN_BOOL_CONVERSION = YES;
				CLANG_WARN_COMMA = YES;
				CLANG_WARN_CONSTANT_CONVERSION = YES;
				CLANG_WARN_DEPRECATED_OBJC_IMPLEMENTATIONS = YES;
				CLANG_WARN_DIRECT_OBJC_ISA_USAGE = YES_ERROR;
				CLANG_WARN_DOCUMENTATION_COMMENTS = YES;
				CLANG_WARN_EMPTY_BODY = YES;
				CLANG_WARN_ENUM_CONVERSION = YES;
				CLANG_WARN_INFINITE_RECURSION = YES;
				CLANG_WARN_INT_CONVERSION = YES;
				CLANG_WARN_NON_LITERAL_NULL_CONVERSION = YES;
				CLANG_WARN_OBJC_IMPLICIT_RETAIN_SELF = YES;
				CLANG_WARN_OBJC_LITERAL_CONVERSION = YES;
				CLANG_WARN_OBJC_ROOT_CLASS = YES_ERROR;
				CLANG_WARN_QUOTED_INCLUDE_IN_FRAMEWORK_HEADER = YES;
				CLANG_WARN_RANGE_LOOP_ANALYSIS = YES;
				CLANG_WARN_STRICT_PROTOTYPES = YES;
				CLANG_WARN_SUSPICIOUS_MOVE = YES;
				CLANG_WARN_UNGUARDED_AVAILABILITY = YES_AGGRESSIVE;
				CLANG_WARN_UNREACHABLE_CODE = YES;
				CLANG_WARN__DUPLICATE_METHOD_MATCH = YES;
				COPY_PHASE_STRIP = NO;
				DEBUG_INFORMATION_FORMAT = dwarf;
				ENABLE_STRICT_OBJC_MSGSEND = YES;
				ENABLE_TESTABILITY = YES;
				GCC_C_LANGUAGE_STANDARD = gnu11;
				GCC_DYNAMIC_NO_PIC = NO;
				GCC_NO_COMMON_BLOCKS = YES;
				GCC_OPTIMIZATION_LEVEL = 0;
				GCC_PREPROCESSOR_DEFINITIONS = (
					"DEBUG=1",
					"$(inherited)",
				);
				GCC_WARN_64_TO_32_BIT_CONVERSION = YES;
				GCC_WARN_ABOUT_RETURN_TYPE = YES_ERROR;
				GCC_WARN_UNDECLARED_SELECTOR = YES;
				GCC_WARN_UNINITIALIZED_AUTOS = YES_AGGRESSIVE;
				GCC_WARN_UNUSED_FUNCTION = YES;
				GCC_WARN_UNUSED_VARIABLE = YES;
				IPHONEOS_DEPLOYMENT_TARGET = 16.4;
				MTL_ENABLE_DEBUG_INFO = INCLUDE_SOURCE;
				MTL_FAST_MATH = YES;
				ONLY_ACTIVE_ARCH = YES;
				SDKROOT = iphoneos;
				SWIFT_ACTIVE_COMPILATION_CONDITIONS = DEBUG;
				SWIFT_OPTIMIZATION_LEVEL = "-Onone";
			};
			name = Debug;
		};
		7064C5482B704E6600639B0A /* Release */ = {
			isa = XCBuildConfiguration;
			buildSettings = {
				ALWAYS_SEARCH_USER_PATHS = NO;
				CLANG_ANALYZER_NONNULL = YES;
				CLANG_ANALYZER_NUMBER_OBJECT_CONVERSION = YES_AGGRESSIVE;
				CLANG_CXX_LANGUAGE_STANDARD = "gnu++20";
				CLANG_ENABLE_MODULES = YES;
				CLANG_ENABLE_OBJC_ARC = YES;
				CLANG_ENABLE_OBJC_WEAK = YES;
				CLANG_WARN_BLOCK_CAPTURE_AUTORELEASING = YES;
				CLANG_WARN_BOOL_CONVERSION = YES;
				CLANG_WARN_COMMA = YES;
				CLANG_WARN_CONSTANT_CONVERSION = YES;
				CLANG_WARN_DEPRECATED_OBJC_IMPLEMENTATIONS = YES;
				CLANG_WARN_DIRECT_OBJC_ISA_USAGE = YES_ERROR;
				CLANG_WARN_DOCUMENTATION_COMMENTS = YES;
				CLANG_WARN_EMPTY_BODY = YES;
				CLANG_WARN_ENUM_CONVERSION = YES;
				CLANG_WARN_INFINITE_RECURSION = YES;
				CLANG_WARN_INT_CONVERSION = YES;
				CLANG_WARN_NON_LITERAL_NULL_CONVERSION = YES;
				CLANG_WARN_OBJC_IMPLICIT_RETAIN_SELF = YES;
				CLANG_WARN_OBJC_LITERAL_CONVERSION = YES;
				CLANG_WARN_OBJC_ROOT_CLASS = YES_ERROR;
				CLANG_WARN_QUOTED_INCLUDE_IN_FRAMEWORK_HEADER = YES;
				CLANG_WARN_RANGE_LOOP_ANALYSIS = YES;
				CLANG_WARN_STRICT_PROTOTYPES = YES;
				CLANG_WARN_SUSPICIOUS_MOVE = YES;
				CLANG_WARN_UNGUARDED_AVAILABILITY = YES_AGGRESSIVE;
				CLANG_WARN_UNREACHABLE_CODE = YES;
				CLANG_WARN__DUPLICATE_METHOD_MATCH = YES;
				COPY_PHASE_STRIP = NO;
				DEBUG_INFORMATION_FORMAT = "dwarf-with-dsym";
				ENABLE_NS_ASSERTIONS = NO;
				ENABLE_STRICT_OBJC_MSGSEND = YES;
				GCC_C_LANGUAGE_STANDARD = gnu11;
				GCC_NO_COMMON_BLOCKS = YES;
				GCC_WARN_64_TO_32_BIT_CONVERSION = YES;
				GCC_WARN_ABOUT_RETURN_TYPE = YES_ERROR;
				GCC_WARN_UNDECLARED_SELECTOR = YES;
				GCC_WARN_UNINITIALIZED_AUTOS = YES_AGGRESSIVE;
				GCC_WARN_UNUSED_FUNCTION = YES;
				GCC_WARN_UNUSED_VARIABLE = YES;
				IPHONEOS_DEPLOYMENT_TARGET = 16.4;
				MTL_ENABLE_DEBUG_INFO = NO;
				MTL_FAST_MATH = YES;
				SDKROOT = iphoneos;
				SWIFT_COMPILATION_MODE = wholemodule;
				SWIFT_OPTIMIZATION_LEVEL = "-O";
				VALIDATE_PRODUCT = YES;
			};
			name = Release;
		};
		7064C54A2B704E6600639B0A /* Debug */ = {
			isa = XCBuildConfiguration;
			buildSettings = {
				ASSETCATALOG_COMPILER_APPICON_NAME = AppIcon;
				ASSETCATALOG_COMPILER_GLOBAL_ACCENT_COLOR_NAME = AccentColor;
				CODE_SIGN_STYLE = Automatic;
				CURRENT_PROJECT_VERSION = 1;
				DEVELOPMENT_ASSET_PATHS = "\"Project 2/Preview Content\"";
				ENABLE_PREVIEWS = YES;
				GENERATE_INFOPLIST_FILE = YES;
				INFOPLIST_FILE = "Project-2-Info.plist";
				INFOPLIST_KEY_UIApplicationSceneManifest_Generation = YES;
				INFOPLIST_KEY_UIApplicationSupportsIndirectInputEvents = YES;
				INFOPLIST_KEY_UILaunchScreen_Generation = YES;
				INFOPLIST_KEY_UISupportedInterfaceOrientations_iPad = "UIInterfaceOrientationPortrait UIInterfaceOrientationPortraitUpsideDown UIInterfaceOrientationLandscapeLeft UIInterfaceOrientationLandscapeRight";
				INFOPLIST_KEY_UISupportedInterfaceOrientations_iPhone = "UIInterfaceOrientationPortrait UIInterfaceOrientationLandscapeLeft UIInterfaceOrientationLandscapeRight";
				LD_RUNPATH_SEARCH_PATHS = (
					"$(inherited)",
					"@executable_path/Frameworks",
				);
				MARKETING_VERSION = 1.0;
				PRODUCT_BUNDLE_IDENTIFIER = "mobile-ios-development.Project-2";
				PRODUCT_NAME = "$(TARGET_NAME)";
				SWIFT_EMIT_LOC_STRINGS = YES;
				SWIFT_VERSION = 5.0;
				TARGETED_DEVICE_FAMILY = "1,2";
				test_setting = NO;
			};
			name = Debug;
		};
		7064C54B2B704E6600639B0A /* Release */ = {
			isa = XCBuildConfiguration;
			buildSettings = {
				ASSETCATALOG_COMPILER_APPICON_NAME = AppIcon;
				ASSETCATALOG_COMPILER_GLOBAL_ACCENT_COLOR_NAME = AccentColor;
				CODE_SIGN_STYLE = Automatic;
				CURRENT_PROJECT_VERSION = 1;
				DEVELOPMENT_ASSET_PATHS = "\"Project 2/Preview Content\"";
				ENABLE_PREVIEWS = YES;
				GENERATE_INFOPLIST_FILE = YES;
				INFOPLIST_FILE = "Project-2-Info.plist";
				INFOPLIST_KEY_UIApplicationSceneManifest_Generation = YES;
				INFOPLIST_KEY_UIApplicationSupportsIndirectInputEvents = YES;
				INFOPLIST_KEY_UILaunchScreen_Generation = YES;
				INFOPLIST_KEY_UISupportedInterfaceOrientations_iPad = "UIInterfaceOrientationPortrait UIInterfaceOrientationPortraitUpsideDown UIInterfaceOrientationLandscapeLeft UIInterfaceOrientationLandscapeRight";
				INFOPLIST_KEY_UISupportedInterfaceOrientations_iPhone = "UIInterfaceOrientationPortrait UIInterfaceOrientationLandscapeLeft UIInterfaceOrientationLandscapeRight";
				LD_RUNPATH_SEARCH_PATHS = (
					"$(inherited)",
					"@executable_path/Frameworks",
				);
				MARKETING_VERSION = 1.0;
				PRODUCT_BUNDLE_IDENTIFIER = "mobile-ios-development.Project-2";
				PRODUCT_NAME = "$(TARGET_NAME)";
				SWIFT_EMIT_LOC_STRINGS = YES;
				SWIFT_VERSION = 5.0;
				TARGETED_DEVICE_FAMILY = "1,2";
				test_setting = NO;
			};
			name = Release;
		};
/* End XCBuildConfiguration section */

/* Begin XCConfigurationList section */
		7064C5362B704E6400639B0A /* Build configuration list for PBXProject "Project 2" */ = {
			isa = XCConfigurationList;
			buildConfigurations = (
				7064C5472B704E6600639B0A /* Debug */,
				7064C5482B704E6600639B0A /* Release */,
			);
			defaultConfigurationIsVisible = 0;
			defaultConfigurationName = Release;
		};
		7064C5492B704E6600639B0A /* Build configuration list for PBXNativeTarget "Project 2" */ = {
			isa = XCConfigurationList;
			buildConfigurations = (
				7064C54A2B704E6600639B0A /* Debug */,
				7064C54B2B704E6600639B0A /* Release */,
			);
			defaultConfigurationIsVisible = 0;
			defaultConfigurationName = Release;
		};
/* End XCConfigurationList section */

/* Begin XCRemoteSwiftPackageReference section */
		7064C5502B70751100639B0A /* XCRemoteSwiftPackageReference "Nuke" */ = {
			isa = XCRemoteSwiftPackageReference;
			repositoryURL = "https://github.com/kean/Nuke.git";
			requirement = {
				kind = upToNextMajorVersion;
				minimumVersion = 12.0.0;
			};
		};
		7064C5572B70769900639B0A /* XCRemoteSwiftPackageReference "url-image" */ = {
			isa = XCRemoteSwiftPackageReference;
			repositoryURL = "https://github.com/dmytro-anokhin/url-image.git";
			requirement = {
				kind = upToNextMajorVersion;
				minimumVersion = 3.0.0;
			};
		};
/* End XCRemoteSwiftPackageReference section */

/* Begin XCSwiftPackageProductDependency section */
		7064C5512B70751100639B0A /* Nuke */ = {
			isa = XCSwiftPackageProductDependency;
			package = 7064C5502B70751100639B0A /* XCRemoteSwiftPackageReference "Nuke" */;
			productName = Nuke;
		};
		7064C5532B70751100639B0A /* NukeExtensions */ = {
			isa = XCSwiftPackageProductDependency;
			package = 7064C5502B70751100639B0A /* XCRemoteSwiftPackageReference "Nuke" */;
			productName = NukeExtensions;
		};
		7064C5552B70751100639B0A /* NukeUI */ = {
			isa = XCSwiftPackageProductDependency;
			package = 7064C5502B70751100639B0A /* XCRemoteSwiftPackageReference "Nuke" */;
			productName = NukeUI;
		};
		7064C5582B70769900639B0A /* URLImage */ = {
			isa = XCSwiftPackageProductDependency;
			package = 7064C5572B70769900639B0A /* XCRemoteSwiftPackageReference "url-image" */;
			productName = URLImage;
		};
/* End XCSwiftPackageProductDependency section */
	};
	rootObject = 7064C5332B704E6400639B0A /* Project object */;
}
